
Microsoft Visual Studio Solution File, Format Version 12.00
# Visual Studio 15
VisualStudioVersion = 15.0.27130.2010
MinimumVisualStudioVersion = 10.0.40219.1
Project("{FAE04EC0-301F-11D3-BF4B-00C04F79EFBC}") = "EmpTask", "EmpTask\EmpTask.csproj", "{CC511BCE-8F00-4984-93C4-B3F262BA74C6}"
EndProject
Global
	GlobalSection(SolutionConfigurationPlatforms) = preSolution
		Debug|Any CPU = Debug|Any CPU
		Release|Any CPU = Release|Any CPU
	EndGlobalSection
	GlobalSection(ProjectConfigurationPlatforms) = postSolution
		{CC511BCE-8F00-4984-93C4-B3F262BA74C6}.Debug|Any CPU.ActiveCfg = Debug|Any CPU
		{CC511BCE-8F00-4984-93C4-B3F262BA74C6}.Debug|Any CPU.Build.0 = Debug|Any CPU
		{CC511BCE-8F00-4984-93C4-B3F262BA74C6}.Release|Any CPU.ActiveCfg = Release|Any CPU
		{CC511BCE-8F00-4984-93C4-B3F262BA74C6}.Release|Any CPU.Build.0 = Release|Any CPU
	EndGlobalSection
	GlobalSection(SolutionProperties) = preSolution
		HideSolutionNode = FALSE
	EndGlobalSection
	GlobalSection(ExtensibilityGlobals) = postSolution
		SolutionGuid = {CD37C8E6-0D0D-4EF3-B646-BC170AA2BC05}
	EndGlobalSection
EndGlobal
